PODS:
  - Flutter (1.0.0)
  - proximity_sensor (0.0.1):
    - Flutter
  - sensors_plus (0.0.1):
    - Flutter
  - vibration (3.0.0):
    - Flutter

DEPENDENCIES:
  - Flutter (from `Flutter`)
  - proximity_sensor (from `.symlinks/plugins/proximity_sensor/ios`)
  - sensors_plus (from `.symlinks/plugins/sensors_plus/ios`)
  - vibration (from `.symlinks/plugins/vibration/ios`)

EXTERNAL SOURCES:
  Flutter:
    :path: Flutter
  proximity_sensor:
    :path: ".symlinks/plugins/proximity_sensor/ios"
  sensors_plus:
    :path: ".symlinks/plugins/sensors_plus/ios"
  vibration:
    :path: ".symlinks/plugins/vibration/ios"

SPEC CHECKSUMS:
  Flutter: cabc95a1d2626b1b06e7179b784ebcf0c0cde467
  proximity_sensor: 2aef59f90cf0382935faf58ad0a79e1e860773bd
  sensors_plus: 3c3bac724a2128c895623e03efd82cf0e94fd8e8
  vibration: 69774ad57825b11c951ee4c46155f455d7a592ce

PODFILE CHECKSUM: 251cb053df7158f337c0712f2ab29f4e0fa474ce

COCOAPODS: 1.16.2
